version = 1
revision = 3
requires-python = ">=3.13"

[[package]]
name = "cachetools"
version = "7.1.6"
source = { registry = "https://pypi.org/simple" }
sdist = { url = "https://files.pythonhosted.org/packages/55/af/861ebc2e318a5c3300e3eb63bc4d30f3d70a46d13b360093728ac0705eed/cachetools-7.1.6.tar.gz", hash = "sha256:c7a79e7f30ba9943c1cefd08cc36f006aaae086e017af9166f1d59d6170c47e1", size = 40572, upload-time = "2026-07-23T22:47:53.737Z" }
wheels = [
    { url = "https://files.pythonhosted.org/packages/9f/f2/2086ba18a925a73586c4d4e61d25f4a6058e56fd00d77ce8f1d361ab4c9b/cachetools-7.1.6-py3-none-any.whl", hash = "sha256:2c12e255780330af28b91bb7fb96cce4c766f04e38396b9a24510190a5827096", size = 16954, upload-time = "2026-07-23T22:47:52.397Z" },
]

[[package]]
name = "colorama"
version = "0.4.6"
source = { registry = "https://pypi.org/simple" }
sdist = { url = "https://files.pythonhosted.org/packages/d8/53/6f443c9a4a8358a93a6792e2acffb9d9d5cb0a5cfd8802644b7b1c9a02e4/colorama-0.4.6.tar.gz", hash = "sha256:08695f5cb7ed6e0531a20572697297273c47b8cae5a63ffc6d6ed5c201be6e44", size = 27697, upload-time = "2022-10-25T02:36:22.414Z" }
wheels = [
    { url = "https://files.pythonhosted.org/packages/d1/d6/3965ed04c63042e047cb6a3e6ed1a63a35087b6a609aa3a15ed8ac56c221/colorama-0.4.6-py2.py3-none-any.whl", hash = "sha256:4f1d9991f5acc0ca119f9d443620b77f9d6b33703e51011c16baf57afb285fc6", size = 25335, upload-time = "2022-10-25T02:36:20.889Z" },
]

[[package]]
name = "dbt-package-testing"
version = "0.0.0"
source = { virtual = "." }

[package.dev-dependencies]
dev = [
    { name = "tox" },
    { name = "tox-uv" },
]

[package.metadata]

[package.metadata.requires-dev]
dev = [
    { name = "tox", specifier = ">=4.60.1,<5" },
    { name = "tox-uv", specifier = ">=1,<2" },
]

[[package]]
name = "distlib"
version = "0.4.3"
source = { registry = "https://pypi.org/simple" }
sdist = { url = "https://files.pythonhosted.org/packages/c9/02/bd72be9134d25ed783ecbbc38a539ffaefbf90c78418c7fb7229600dbac7/distlib-0.4.3.tar.gz", hash = "sha256:f152097224a0ae24be5a0f6bae1b9359af82133bce63f98a95f86cae1aede9ed", size = 615141, upload-time = "2026-06-12T08:04:52.847Z" }
wheels = [
    { url = "https://files.pythonhosted.org/packages/02/08/9c41fb51ab5b43eb21674aff13df270e8ba6c4b29c8624e328dc7a9482af/distlib-0.4.3-py2.py3-none-any.whl", hash = "sha256:4b0ce306c966eb73bc3a7b6abad017c556dadd92c44701562cd528ac7fde4d5b", size = 470628, upload-time = "2026-06-12T08:04:50.506Z" },
]

[[package]]
name = "filelock"
version = "3.32.0"
source = { registry = "https://pypi.org/simple" }
sdist = { url = "https://files.pythonhosted.org/packages/c0/80/8232b582c4b318b817cf1274ba74976b07b34d35ef439b3eb948f98645a1/filelock-3.32.0.tar.gz", hash = "sha256:7be2ad23a14607ccc71808e68fe30848aeace7058ace17852f68e2a68e310402", size = 213757, upload-time = "2026-07-21T13:17:42.898Z" }
wheels = [
    { url = "https://files.pythonhosted.org/packages/06/79/b4c714bef36bc4ec2beeae1e0c124f0223888cd8c6feb1cdc56038116920/filelock-3.32.0-py3-none-any.whl", hash = "sha256:d396bea984af47333ef05e50eae7eff88c84256de6112aea0ec48a233c064fe3", size = 97732, upload-time = "2026-07-21T13:17:41.55Z" },
]

[[package]]
name = "packaging"
version = "26.2"
source = { registry = "https://pypi.org/simple" }
sdist = { url = "https://files.pythonhosted.org/packages/d7/f1/e7a6dd94a8d4a5626c03e4e99c87f241ba9e350cd9e6d75123f992427270/packaging-26.2.tar.gz", hash = "sha256:ff452ff5a3e828ce110190feff1178bb1f2ea2281fa2075aadb987c2fb221661", size = 228134, upload-time = "2026-04-24T20:15:23.917Z" }
wheels = [
    { url = "https://files.pythonhosted.org/packages/df/b2/87e62e8c3e2f4b32e5fe99e0b86d576da1312593b39f47d8ceef365e95ed/packaging-26.2-py3-none-any.whl", hash = "sha256:5fc45236b9446107ff2415ce77c807cee2862cb6fac22b8a73826d0693b0980e", size = 100195, upload-time = "2026-04-24T20:15:22.081Z" },
]

[[package]]
name = "platformdirs"
version = "4.11.0"
source = { registry = "https://pypi.org/simple" }
sdist = { url = "https://files.pythonhosted.org/packages/78/9b/560e4be8e26f6fd133a03630a8df0c663b9e8d61b4ade152b72005aec83b/platformdirs-4.11.0.tar.gz", hash = "sha256:0555d18370482847566ffabcaa53ad7c6c1c29f195989ae1ed634a05f76ea1e0", size = 31953, upload-time = "2026-07-21T13:09:36.565Z" }
wheels = [
    { url = "https://files.pythonhosted.org/packages/7d/68/d8d58938dfb1370b266a1a729e6d77a985be23689a0496498ee17b2cbf90/platformdirs-4.11.0-py3-none-any.whl", hash = "sha256:360ccded2b7fce0af0ff80cc8f5942a1c5d99b0e856033acb030bfc634709e74", size = 23247, upload-time = "2026-07-21T13:09:35.422Z" },
]

[[package]]
name = "pluggy"
version = "1.6.0"
source = { registry = "https://pypi.org/simple" }
sdist = { url = "https://files.pythonhosted.org/packages/f9/e2/3e91f31a7d2b083fe6ef3fa267035b518369d9511ffab804f839851d2779/pluggy-1.6.0.tar.gz", hash = "sha256:7dcc130b76258d33b90f61b658791dede3486c3e6bfb003ee5c9bfb396dd22f3", size = 69412, upload-time = "2025-05-15T12:30:07.975Z" }
wheels = [
    { url = "https://files.pythonhosted.org/packages/54/20/4d324d65cc6d9205fabedc306948156824eb9f0ee1633355a8f7ec5c66bf/pluggy-1.6.0-py3-none-any.whl", hash = "sha256:e920276dd6813095e9377c0bc5566d94c932c33b27a3e3945d8389c374dd4746", size = 20538, upload-time = "2025-05-15T12:30:06.134Z" },
]

[[package]]
name = "pyproject-api"
version = "1.11.0"
source = { registry = "https://pypi.org/simple" }
dependencies = [
    { name = "packaging" },
]
sdist = { url = "https://files.pythonhosted.org/packages/ab/bd/2f985c12bf33fdd8637e3a8f9418d6806f177601dee7c4924d0b2bb28650/pyproject_api-1.11.0.tar.gz", hash = "sha256:b8807d85a293e6c9f133e6575946fed45f1d42b22d58c780b33aa2421a799549", size = 23787, upload-time = "2026-07-21T13:09:33.744Z" }
wheels = [
    { url = "https://files.pythonhosted.org/packages/a3/6a/2822ee12bafe87af8f6cc620f7d1f126e77f82ce56ba888b94a9af5a979c/pyproject_api-1.11.0-py3-none-any.whl", hash = "sha256:860060c8832dce983b5eec6f41c4c43eb3ec06ff7332387a63acdf5ca27b68d8", size = 13275, upload-time = "2026-07-21T13:09:32.559Z" },
]

[[package]]
name = "python-discovery"
version = "1.5.0"
source = { registry = "https://pypi.org/simple" }
dependencies = [
    { name = "filelock" },
    { name = "platformdirs" },
]
sdist = { url = "https://files.pythonhosted.org/packages/f1/51/276f964496a5714ab9f320896195639086881c2b39c03b5ad13de84acbb8/python_discovery-1.5.0.tar.gz", hash = "sha256:3e014c6327154d3dda27939a9a0dc9c5c000439f1906d3f303b48f984bd2ecef", size = 72483, upload-time = "2026-07-21T13:14:14.641Z" }
wheels = [
    { url = "https://files.pythonhosted.org/packages/c7/7b/14882602ddee241d7984a742fcb423cb4a30fb0d6efc546ac3129fba475a/python_discovery-1.5.0-py3-none-any.whl", hash = "sha256:70c4fc61b4e7404e44f01d6fc44a715c4d685ca6cea83d295922f05891877c98", size = 34205, upload-time = "2026-07-21T13:14:13.398Z" },
]

[[package]]
name = "tomli-w"
version = "1.2.0"
source = { registry = "https://pypi.org/simple" }
sdist = { url = "https://files.pythonhosted.org/packages/19/75/241269d1da26b624c0d5e110e8149093c759b7a286138f4efd61a60e75fe/tomli_w-1.2.0.tar.gz", hash = "sha256:2dd14fac5a47c27be9cd4c976af5a12d87fb1f0b4512f81d69cce3b35ae25021", size = 7184, upload-time = "2025-01-15T12:07:24.262Z" }
wheels = [
    { url = "https://files.pythonhosted.org/packages/c7/18/c86eb8e0202e32dd3df50d43d7ff9854f8e0603945ff398974c1d91ac1ef/tomli_w-1.2.0-py3-none-any.whl", hash = "sha256:188306098d013b691fcadc011abd66727d3c414c571bb01b1a174ba8c983cf90", size = 6675, upload-time = "2025-01-15T12:07:22.074Z" },
]

[[package]]
name = "tox"
version = "4.60.1"
source = { registry = "https://pypi.org/simple" }
dependencies = [
    { name = "cachetools" },
    { name = "colorama" },
    { name = "filelock" },
    { name = "packaging" },
    { name = "platformdirs" },
    { name = "pluggy" },
    { name = "pyproject-api" },
    { name = "python-discovery" },
    { name = "tomli-w" },
    { name = "virtualenv" },
]
sdist = { url = "https://files.pythonhosted.org/packages/ec/ae/05210c695efa7349af65aeb988604b15520eade3b6e2d43bdf44ce69b4b3/tox-4.60.1.tar.gz", hash = "sha256:2611b77ebe06fa571ae2f4176eaf644115d08891befb9c7cb705cb038d5ab38e", size = 303833, upload-time = "2026-08-25T05:39:00.934Z" }
wheels = [
    { url = "https://files.pythonhosted.org/packages/83/d8/5ca808e8b2d98ac55e9141309c63b273caec25eb5bdaf3d7bf6d809903bc/tox-4.60.1-py3-none-any.whl", hash = "sha256:6f23a6417ad761b17c047e14b6e278968c09eb9b1fc00025269f82ec8327bc75", size = 226880, upload-time = "2026-08-25T05:38:59.194Z" },
]

[[package]]
name = "tox-uv"
version = "1.36.0"
source = { registry = "https://pypi.org/simple" }
dependencies = [
    { name = "tox-uv-bare" },
    { name = "uv" },
]
wheels = [
    { url = "https://files.pythonhosted.org/packages/f9/d7/3fce976b9e295218a2d7e541e0f1e9b1259cb893de7a8d277952a66a798d/tox_uv-1.36.0-py3-none-any.whl", hash = "sha256:5f81b39be3fe4e14c6b9bb7ba637ed97d34efa6214efd5f525d95ee9559a99ac", size = 6564, upload-time = "2026-07-21T13:09:54.316Z" },
]

[[package]]
name = "tox-uv-bare"
version = "1.36.0"
source = { registry = "https://pypi.org/simple" }
dependencies = [
    { name = "packaging" },
    { name = "tox" },
]
sdist = { url = "https://files.pythonhosted.org/packages/56/df/9f90a59de8c87cece6e691eee53dc1cb0a824d73aea8f380ae2f6ecb71de/tox_uv_bare-1.36.0.tar.gz", hash = "sha256:d9b0a2fd0f74fa65d9597108f8a0ef7abb08651c9196a998a6073b781b45cfd0", size = 32548, upload-time = "2026-07-21T13:09:56.435Z" }
wheels = [
    { url = "https://files.pythonhosted.org/packages/f7/0a/6dc462e4fb543305283a6157c80f43e3d12ca4702da6ae6521d541c6b55c/tox_uv_bare-1.36.0-py3-none-any.whl", hash = "sha256:ba397dd0396df95a75744d4e42a50ee27207c0ffcf277b62ffba9c3de455a939", size = 22489, upload-time = "2026-07-21T13:09:55.389Z" },
]

[[package]]
name = "uv"
version = "0.12.0"
source = { registry = "https://pypi.org/simple" }
sdist = { url = "https://files.pythonhosted.org/packages/a7/e7/5a94b658b08c46142cf7bf1d0c432cc7d04375b80f42765633414e7541bd/uv-0.12.0.tar.gz", hash = "sha256:80ba22cae467c6f47d2157ec2b840c032cac709b85ab1300ac4dcfeb29986462", size = 5827380, upload-time = "2026-07-28T18:57:12.191Z" }
wheels = [
    { url = "https://files.pythonhosted.org/packages/20/e9/5663af6b4d90827c008005cfe7926a747688bd408226913d249b9de8492b/uv-0.12.0-py3-none-linux_armv6l.whl", hash = "sha256:11cc7ef5386fe54536cc8921676728a0e5c348cf522c8ee1fa0b81cbafc20cbc", size = 21499556, upload-time = "2026-07-28T18:56:27.552Z" },
    { url = "https://files.pythonhosted.org/packages/4b/8e/b88ae4a3b704f60f8e9dcdef78047c3749077b2f1e884bd387c8e41fe378/uv-0.12.0-py3-none-macosx_10_12_x86_64.whl", hash = "sha256:074e693e9b2df99f621166b44760abe0d53cd9b0ae96fcbfec5809497925da87", size = 19751720, upload-time = "2026-07-28T18:56:30.623Z" },
    { url = "https://files.pythonhosted.org/packages/a5/7b/15d6865264120bd30c738b4bf63ddff66d087087cadeb2a6b88c6284a446/uv-0.12.0-py3-none-macosx_11_0_arm64.whl", hash = "sha256:009758d8fde2da2b90900f5fe863c71d0e1b8b28bbdba59863ceb967973a3735", size = 18117978, upload-time = "2026-07-28T18:56:32.904Z" },
    { url = "https://files.pythonhosted.org/packages/0e/bc/2066cc63e6930e3d5e27c73a9c439418164eafb4f1c24845f17caf63eaea/uv-0.12.0-py3-none-manylinux_2_17_aarch64.manylinux2014_aarch64.musllinux_1_1_aarch64.whl", hash = "sha256:effc2de9f044e880306f3c52b048bf24ee4fe63429c82dd6509c9a0f3d1b8f0b", size = 20833318, upload-time = "2026-07-28T18:56:35.567Z" },
    { url = "https://files.pythonhosted.org/packages/2d/d6/49fef7e4e3c401540113115846e47094aff7cda86f54ba79477636758e38/uv-0.12.0-py3-none-manylinux_2_17_armv7l.manylinux2014_armv7l.musllinux_1_1_armv7l.whl", hash = "sha256:e9e660171873f905a6782bf2a5e7515aba1a8e8a5cfce0add68fbe7a22ead8b0", size = 21056599, upload-time = "2026-07-28T18:56:38.117Z" },
    { url = "https://files.pythonhosted.org/packages/2e/b9/cc32f406b5429cbb0f0849938d12a24a33c3bd28b710c8ccd0955c588131/uv-0.12.0-py3-none-manylinux_2_17_armv7l.manylinux2014_armv7l.whl", hash = "sha256:53c5c07fafcf620d23faa8f339742806d57cb82122c97544d0f3750f55e2fe36", size = 21100563, upload-time = "2026-07-28T18:56:40.305Z" },
    { url = "https://files.pythonhosted.org/packages/42/ff/36eef4c1624ed371d8367cf96207f35ba81b42b8308688d1acad835432cc/uv-0.12.0-py3-none-manylinux_2_17_i686.manylinux2014_i686.whl", hash = "sha256:b80a1a89aad16c6d84dd96b0c795b44f3824f0765e815af2f93fd05cb4a894cd", size = 21763617, upload-time = "2026-07-28T18:56:42.59Z" },
    { url = "https://files.pythonhosted.org/packages/05/23/b82dbd945c5b8a88ed5dc8c2c001619677ad5aea246318716c773711aef9/uv-0.12.0-py3-none-manylinux_2_17_ppc64le.manylinux2014_ppc64le.whl", hash = "sha256:a1e84987c4b4d832796b779ad614e91c1b44ac1ade5163c00654b70881ef53cb", size = 22917937, upload-time = "2026-07-28T18:56:45.546Z" },
    { url = "https://files.pythonhosted.org/packages/7b/d9/44f5f753fda99820b972251c3be9ca9e56d98f4ced752cea623f19479fa8/uv-0.12.0-py3-none-manylinux_2_17_s390x.manylinux2014_s390x.whl", hash = "sha256:dbb9d9c40e91b6bf5e124230277fe5579ecf685e6de47e61a0eed8af5ffa0cdb", size = 22555435, upload-time = "2026-07-28T18:56:47.882Z" },
    { url = "https://files.pythonhosted.org/packages/4b/ba/bc14d74741b0292edd8e61e87a4bd96f79447a1b9d27e85cda2e8539039b/uv-0.12.0-py3-none-manylinux_2_17_x86_64.manylinux2014_x86_64.whl", hash = "sha256:cbff74f884846d794713670faf8abe10db3bd70c43b01e63223f74eb7d958689", size = 21986958, upload-time = "2026-07-28T18:56:50.271Z" },
    { url = "https://files.pythonhosted.org/packages/1d/52/e14f0a91be4b426f18107f63b1b87e99ec671e8907689cf45144a79c4f76/uv-0.12.0-py3-none-manylinux_2_28_aarch64.whl", hash = "sha256:c818bb6aead39652e2ad644583fa418ac8d92baf50b4c6f685738bb2598e33bd", size = 20965849, upload-time = "2026-07-28T18:56:52.628Z" },
    { url = "https://files.pythonhosted.org/packages/0d/a6/ef7b436f9983c467b88bacb5ce58620398c7fe7fa86ee67906bfce343201/uv-0.12.0-py3-none-manylinux_2_31_riscv64.musllinux_1_1_riscv64.whl", hash = "sha256:5fe6cdc82cacc630827f2ec779b91b0d13ff57ff476e41bdcace05cd61261951", size = 21671684, upload-time = "2026-07-28T18:56:54.923Z" },
    { url = "https://files.pythonhosted.org/packages/9d/c8/19086d68078b514be4c266081e11d5530b07d099cb05d011e1fa6a216e10/uv-0.12.0-py3-none-manylinux_2_31_riscv64.whl", hash = "sha256:fcf4b6d0807f8f05a7dd8c090f080674e8526db27a0764af2a5a54ab5096c3eb", size = 21798247, upload-time = "2026-07-28T18:56:57.226Z" },
    { url = "https://files.pythonhosted.org/packages/4d/87/571847075bbe2205ec7ae108c17d01742a1251aea9fe5f9cd5da1496922e/uv-0.12.0-py3-none-musllinux_1_1_i686.whl", hash = "sha256:4be9870fca2952143f33a02347c8da603bbe645283e3e989f038ef7b306b3ecb", size = 20977006, upload-time = "2026-07-28T18:56:59.544Z" },
    { url = "https://files.pythonhosted.org/packages/be/df/d391bc0f5901ff8a0d6285eb433222cacb972b5e5817a420e084ee698894/uv-0.12.0-py3-none-musllinux_1_1_x86_64.whl", hash = "sha256:ed4053e07048ab3561de95c3b686b7983f997cd19d53a265a238103b5dbf258a", size = 22186132, upload-time = "2026-07-28T18:57:02.014Z" },
    { url = "https://files.pythonhosted.org/packages/9c/fe/d440d50811ef913cb035e4c5f346799d9353fd5a8aa8479e57d7efc34692/uv-0.12.0-py3-none-win32.whl", hash = "sha256:bef14df9bec1ee7577fdc5b37d02ad8128574a2eebc130c525255edac051b9a4", size = 19210613, upload-time = "2026-07-28T18:57:04.493Z" },
    { url = "https://files.pythonhosted.org/packages/cb/27/c3da5b9136925ea2bc9209f7cabbfae12fd191f778456ead0f2d6de446a7/uv-0.12.0-py3-none-win_amd64.whl", hash = "sha256:ffdfed09a23e67ef6facf1d4db978a3cd73a886674644131a11a933fd746904a", size = 20005960, upload-time = "2026-07-28T18:57:07.332Z" },
    { url = "https://files.pythonhosted.org/packages/9f/bc/d04df3b6c36be124cb99e7eab59db514ec528f2b5c5ac2ed9fec41fbdc71/uv-0.12.0-py3-none-win_arm64.whl", hash = "sha256:e3d748f526739110dd9e267ecca30604b64a5fe3344f903d348b5a3af1f0a90a", size = 18981523, upload-time = "2026-07-28T18:57:09.743Z" },
]

[[package]]
name = "virtualenv"
version = "21.7.0"
source = { registry = "https://pypi.org/simple" }
dependencies = [
    { name = "distlib" },
    { name = "filelock" },
    { name = "platformdirs" },
    { name = "python-discovery" },
]
sdist = { url = "https://files.pythonhosted.org/packages/fe/25/e367a7229b0914772ca8d81b41fde012d9feda68523b52644a571bb21ce8/virtualenv-21.7.0.tar.gz", hash = "sha256:7f9519b9432ff11b6e1a3e94061664efc2ff99ea21780e3cf4f6bd0a5da8b37c", size = 5527510, upload-time = "2026-07-21T13:12:14.109Z" }
wheels = [
    { url = "https://files.pythonhosted.org/packages/a5/7a/ae29312b1e88a22e81f5d21fc11526d2a114089776c2550d2b205b6c2a47/virtualenv-21.7.0-py3-none-any.whl", hash = "sha256:a8370c1c5530fbabf955e40b8fbbc68a431648b10f9433faa587db30a06e51dd", size = 5507078, upload-time = "2026-07-21T13:12:12.136Z" },
]
